
Microsoft Visual Studio Solution File, Format Version 12.00
# Visual Studio Version 16
VisualStudioVersion = 16.0.31729.503
MinimumVisualStudioVersion = 10.0.40219.1
Project("{9A19103F-16F7-4668-BE54-9A1E7A4F7556}") = "Feedback360pl", "Feedback360Pl\Feedback360pl.csproj", "{5F0A3ACD-6CE5-472D-BDB3-971C6C8384D9}"
EndProject
Project("{9A19103F-16F7-4668-BE54-9A1E7A4F7556}") = "Feedback360Pl.DAL", "Feedback360Pl.DAL\Feedback360Pl.DAL.csproj", "{858F2CD8-180E-40F1-96F7-123852E5FBC8}"
EndProject
Project("{9A19103F-16F7-4668-BE54-9A1E7A4F7556}") = "Feedback360Pl.xUnitTest.DAL", "Feedback360Pl.xUnitTest.DAL\Feedback360Pl.xUnitTest.DAL.csproj", "{CB0C2B47-11F0-4E16-8DEE-EB74ACD3B4A2}"
EndProject
Project("{FAE04EC0-301F-11D3-BF4B-00C04F79EFBC}") = "WebApplication1", "WebApplication1\WebApplication1.csproj", "{168D311D-5F8D-4A23-A51C-5A9FB59057F3}"
EndProject
Project("{FAE04EC0-301F-11D3-BF4B-00C04F79EFBC}") = "WebApplication2", "WebApplication2\WebApplication2.csproj", "{73631BAE-B459-4514-B995-02B065220AE2}"
EndProject
Global
	GlobalSection(SolutionConfigurationPlatforms) = preSolution
		Debug|Any CPU = Debug|Any CPU
		Release|Any CPU = Release|Any CPU
	EndGlobalSection
	GlobalSection(ProjectConfigurationPlatforms) = postSolution
		{5F0A3ACD-6CE5-472D-BDB3-971C6C8384D9}.Debug|Any CPU.ActiveCfg = Debug|Any CPU
		{5F0A3ACD-6CE5-472D-BDB3-971C6C8384D9}.Debug|Any CPU.Build.0 = Debug|Any CPU
		{5F0A3ACD-6CE5-472D-BDB3-971C6C8384D9}.Release|Any CPU.ActiveCfg = Release|Any CPU
		{5F0A3ACD-6CE5-472D-BDB3-971C6C8384D9}.Release|Any CPU.Build.0 = Release|Any CPU
		{858F2CD8-180E-40F1-96F7-123852E5FBC8}.Debug|Any CPU.ActiveCfg = Debug|Any CPU
		{858F2CD8-180E-40F1-96F7-123852E5FBC8}.Debug|Any CPU.Build.0 = Debug|Any CPU
		{858F2CD8-180E-40F1-96F7-123852E5FBC8}.Release|Any CPU.ActiveCfg = Release|Any CPU
		{858F2CD8-180E-40F1-96F7-123852E5FBC8}.Release|Any CPU.Build.0 = Release|Any CPU
		{CB0C2B47-11F0-4E16-8DEE-EB74ACD3B4A2}.Debug|Any CPU.ActiveCfg = Debug|Any CPU
		{CB0C2B47-11F0-4E16-8DEE-EB74ACD3B4A2}.Debug|Any CPU.Build.0 = Debug|Any CPU
		{CB0C2B47-11F0-4E16-8DEE-EB74ACD3B4A2}.Release|Any CPU.ActiveCfg = Release|Any CPU
		{CB0C2B47-11F0-4E16-8DEE-EB74ACD3B4A2}.Release|Any CPU.Build.0 = Release|Any CPU
		{168D311D-5F8D-4A23-A51C-5A9FB59057F3}.Debug|Any CPU.ActiveCfg = Debug|Any CPU
		{168D311D-5F8D-4A23-A51C-5A9FB59057F3}.Debug|Any CPU.Build.0 = Debug|Any CPU
		{168D311D-5F8D-4A23-A51C-5A9FB59057F3}.Release|Any CPU.ActiveCfg = Release|Any CPU
		{168D311D-5F8D-4A23-A51C-5A9FB59057F3}.Release|Any CPU.Build.0 = Release|Any CPU
		{73631BAE-B459-4514-B995-02B065220AE2}.Debug|Any CPU.ActiveCfg = Debug|Any CPU
		{73631BAE-B459-4514-B995-02B065220AE2}.Debug|Any CPU.Build.0 = Debug|Any CPU
		{73631BAE-B459-4514-B995-02B065220AE2}.Release|Any CPU.ActiveCfg = Release|Any CPU
		{73631BAE-B459-4514-B995-02B065220AE2}.Release|Any CPU.Build.0 = Release|Any CPU
	EndGlobalSection
	GlobalSection(SolutionProperties) = preSolution
		HideSolutionNode = FALSE
	EndGlobalSection
	GlobalSection(ExtensibilityGlobals) = postSolution
		SolutionGuid = {ADC4AB51-A733-408C-84B6-7FF550E11970}
	EndGlobalSection
EndGlobal
